
Microsoft Visual Studio Solution File, Format Version 12.00
# Visual Studio 15
VisualStudioVersion = 15.0.26430.6
MinimumVisualStudioVersion = 10.0.40219.1
Project("{FAE04EC0-301F-11D3-BF4B-00C04F79EFBC}") = "WCFPrueba2", "WCFPrueba2\WCFPrueba2.csproj", "{CBC693A5-6296-447A-8AAD-0F78A568309F}"
EndProject
Project("{2150E333-8FDC-42A3-9474-1A3956D46DE8}") = "REL", "REL", "{BF5AF2D0-BABF-4A2A-87A2-F4A7466061C7}"
EndProject
Project("{2150E333-8FDC-42A3-9474-1A3956D46DE8}") = "GEN", "GEN", "{CCB25B28-CED6-4CC6-9D7E-487C23EEFF44}"
EndProject
Project("{FAE04EC0-301F-11D3-BF4B-00C04F79EFBC}") = "GENDataAccess", "GENDataAccess\GENDataAccess.csproj", "{24E49057-02B5-4DFF-AF77-227AF271E0E4}"
EndProject
Project("{FAE04EC0-301F-11D3-BF4B-00C04F79EFBC}") = "GENDomainObjects", "GENDomainObjects\GENDomainObjects.csproj", "{6B002198-E85E-4147-8F50-1B02F12DEBA5}"
EndProject
Project("{FAE04EC0-301F-11D3-BF4B-00C04F79EFBC}") = "GENBusiness", "GENBusiness\GENBusiness.csproj", "{73EDACF1-C313-4323-ADAD-CD356560C2EE}"
EndProject
Project("{FAE04EC0-301F-11D3-BF4B-00C04F79EFBC}") = "RELBusiness", "RELBusiness\RELBusiness.csproj", "{B7C0D733-70CB-4FE8-B769-44EE0CB2C997}"
EndProject
Project("{FAE04EC0-301F-11D3-BF4B-00C04F79EFBC}") = "RELDataAccess", "RELDataAccess\RELDataAccess.csproj", "{2999FA97-2A3B-426B-A62C-56908B5A79CA}"
EndProject
Project("{FAE04EC0-301F-11D3-BF4B-00C04F79EFBC}") = "RELDomainObjects", "RELDomainObjects\RELDomainObjects.csproj", "{1FAF3108-5ADC-4EB3-994E-25D133B50EAE}"
EndProject
Global
	GlobalSection(SolutionConfigurationPlatforms) = preSolution
		Debug|Any CPU = Debug|Any CPU
		Release|Any CPU = Release|Any CPU
	EndGlobalSection
	GlobalSection(ProjectConfigurationPlatforms) = postSolution
		{CBC693A5-6296-447A-8AAD-0F78A568309F}.Debug|Any CPU.ActiveCfg = Debug|Any CPU
		{CBC693A5-6296-447A-8AAD-0F78A568309F}.Debug|Any CPU.Build.0 = Debug|Any CPU
		{CBC693A5-6296-447A-8AAD-0F78A568309F}.Release|Any CPU.ActiveCfg = Release|Any CPU
		{CBC693A5-6296-447A-8AAD-0F78A568309F}.Release|Any CPU.Build.0 = Release|Any CPU
		{24E49057-02B5-4DFF-AF77-227AF271E0E4}.Debug|Any CPU.ActiveCfg = Debug|Any CPU
		{24E49057-02B5-4DFF-AF77-227AF271E0E4}.Debug|Any CPU.Build.0 = Debug|Any CPU
		{24E49057-02B5-4DFF-AF77-227AF271E0E4}.Release|Any CPU.ActiveCfg = Release|Any CPU
		{24E49057-02B5-4DFF-AF77-227AF271E0E4}.Release|Any CPU.Build.0 = Release|Any CPU
		{6B002198-E85E-4147-8F50-1B02F12DEBA5}.Debug|Any CPU.ActiveCfg = Debug|Any CPU
		{6B002198-E85E-4147-8F50-1B02F12DEBA5}.Debug|Any CPU.Build.0 = Debug|Any CPU
		{6B002198-E85E-4147-8F50-1B02F12DEBA5}.Debug|Any CPU.Deploy.0 = Debug|Any CPU
		{6B002198-E85E-4147-8F50-1B02F12DEBA5}.Release|Any CPU.ActiveCfg = Release|Any CPU
		{6B002198-E85E-4147-8F50-1B02F12DEBA5}.Release|Any CPU.Build.0 = Release|Any CPU
		{73EDACF1-C313-4323-ADAD-CD356560C2EE}.Debug|Any CPU.ActiveCfg = Debug|Any CPU
		{73EDACF1-C313-4323-ADAD-CD356560C2EE}.Debug|Any CPU.Build.0 = Debug|Any CPU
		{73EDACF1-C313-4323-ADAD-CD356560C2EE}.Release|Any CPU.ActiveCfg = Release|Any CPU
		{73EDACF1-C313-4323-ADAD-CD356560C2EE}.Release|Any CPU.Build.0 = Release|Any CPU
		{B7C0D733-70CB-4FE8-B769-44EE0CB2C997}.Debug|Any CPU.ActiveCfg = Debug|Any CPU
		{B7C0D733-70CB-4FE8-B769-44EE0CB2C997}.Debug|Any CPU.Build.0 = Debug|Any CPU
		{B7C0D733-70CB-4FE8-B769-44EE0CB2C997}.Release|Any CPU.ActiveCfg = Release|Any CPU
		{B7C0D733-70CB-4FE8-B769-44EE0CB2C997}.Release|Any CPU.Build.0 = Release|Any CPU
		{2999FA97-2A3B-426B-A62C-56908B5A79CA}.Debug|Any CPU.ActiveCfg = Debug|Any CPU
		{2999FA97-2A3B-426B-A62C-56908B5A79CA}.Debug|Any CPU.Build.0 = Debug|Any CPU
		{2999FA97-2A3B-426B-A62C-56908B5A79CA}.Release|Any CPU.ActiveCfg = Release|Any CPU
		{2999FA97-2A3B-426B-A62C-56908B5A79CA}.Release|Any CPU.Build.0 = Release|Any CPU
		{1FAF3108-5ADC-4EB3-994E-25D133B50EAE}.Debug|Any CPU.ActiveCfg = Debug|Any CPU
		{1FAF3108-5ADC-4EB3-994E-25D133B50EAE}.Debug|Any CPU.Build.0 = Debug|Any CPU
		{1FAF3108-5ADC-4EB3-994E-25D133B50EAE}.Debug|Any CPU.Deploy.0 = Debug|Any CPU
		{1FAF3108-5ADC-4EB3-994E-25D133B50EAE}.Release|Any CPU.ActiveCfg = Release|Any CPU
		{1FAF3108-5ADC-4EB3-994E-25D133B50EAE}.Release|Any CPU.Build.0 = Release|Any CPU
	EndGlobalSection
	GlobalSection(SolutionProperties) = preSolution
		HideSolutionNode = FALSE
	EndGlobalSection
	GlobalSection(NestedProjects) = preSolution
		{24E49057-02B5-4DFF-AF77-227AF271E0E4} = {CCB25B28-CED6-4CC6-9D7E-487C23EEFF44}
		{6B002198-E85E-4147-8F50-1B02F12DEBA5} = {CCB25B28-CED6-4CC6-9D7E-487C23EEFF44}
		{73EDACF1-C313-4323-ADAD-CD356560C2EE} = {CCB25B28-CED6-4CC6-9D7E-487C23EEFF44}
		{B7C0D733-70CB-4FE8-B769-44EE0CB2C997} = {BF5AF2D0-BABF-4A2A-87A2-F4A7466061C7}
		{2999FA97-2A3B-426B-A62C-56908B5A79CA} = {BF5AF2D0-BABF-4A2A-87A2-F4A7466061C7}
		{1FAF3108-5ADC-4EB3-994E-25D133B50EAE} = {BF5AF2D0-BABF-4A2A-87A2-F4A7466061C7}
	EndGlobalSection
EndGlobal
